Microsoft Visual Studio Solution File, Format Version 12.00
# Visual Studio Version 17
VisualStudioVersion = 17.0.31903.59
MinimumVisualStudioVersion = 10.0.40219.1
Project("{2150E333-8FDC-42A3-9474-1A3956D46DE8}") = "src", "src", "{B8D7A129-33D6-4739-BE6C-50D1E6E52CBB}"
EndProject
Project("{2150E333-8FDC-42A3-9474-1A3956D46DE8}") = "tests", "tests", "{607E591A-C618-4736-BBDA-69766DFF23A0}"
EndProject
Project("{D70476B6-3548-4DC9-8D8C-8EF447042945}") = "GroveGames.ObjectPool", "src\GroveGames.ObjectPool\GroveGames.ObjectPool.csproj", "{4C6FABCB-E969-4EA9-B239-607A420B6D87}"
EndProject
Project("{D70476B6-3548-4DC9-8D8C-8EF447042945}") = "GroveGames.ObjectPool.Godot", "src\GroveGames.ObjectPool.Godot\GroveGames.ObjectPool.Godot.csproj", "{36B41790-5BB0-4318-9805-D65DDDA36890}"
EndProject
Project("{D70476B6-3548-4DC9-8D8C-8EF447042945}") = "GroveGames.ObjectPool.Tests", "tests\GroveGames.ObjectPool.Tests\GroveGames.ObjectPool.Tests.csproj", "{D0950DCC-2D95-4560-A926-D644F5F25771}"
EndProject
Project("{D70476B6-3548-4DC9-8D8C-8EF447042945}") = "GroveGames.ObjectPool.Godot.Tests", "tests\GroveGames.ObjectPool.Godot.Tests\GroveGames.ObjectPool.Godot.Tests.csproj", "{2E8ACF9F-D6D1-430A-B5F2-B72BE315209F}"
EndProject
Global
	GlobalSection(SolutionConfigurationPlatforms) = preSolution
		Debug|Any CPU = Debug|Any CPU
		Release|Any CPU = Release|Any CPU
	EndGlobalSection
	GlobalSection(ProjectConfigurationPlatforms) = postSolution
		{4C6FABCB-E969-4EA9-B239-607A420B6D87}.Debug|Any CPU.ActiveCfg = Debug|Any CPU
		{4C6FABCB-E969-4EA9-B239-607A420B6D87}.Debug|Any CPU.Build.0 = Debug|Any CPU
		{4C6FABCB-E969-4EA9-B239-607A420B6D87}.Release|Any CPU.ActiveCfg = Release|Any CPU
		{4C6FABCB-E969-4EA9-B239-607A420B6D87}.Release|Any CPU.Build.0 = Release|Any CPU
		{36B41790-5BB0-4318-9805-D65DDDA36890}.Debug|Any CPU.ActiveCfg = Debug|Any CPU
		{36B41790-5BB0-4318-9805-D65DDDA36890}.Debug|Any CPU.Build.0 = Debug|Any CPU
		{36B41790-5BB0-4318-9805-D65DDDA36890}.Release|Any CPU.ActiveCfg = Release|Any CPU
		{36B41790-5BB0-4318-9805-D65DDDA36890}.Release|Any CPU.Build.0 = Release|Any CPU
		{D0950DCC-2D95-4560-A926-D644F5F25771}.Debug|Any CPU.ActiveCfg = Debug|Any CPU
		{D0950DCC-2D95-4560-A926-D644F5F25771}.Debug|Any CPU.Build.0 = Debug|Any CPU
		{D0950DCC-2D95-4560-A926-D644F5F25771}.Release|Any CPU.ActiveCfg = Release|Any CPU
		{D0950DCC-2D95-4560-A926-D644F5F25771}.Release|Any CPU.Build.0 = Release|Any CPU
		{2E8ACF9F-D6D1-430A-B5F2-B72BE315209F}.Debug|Any CPU.ActiveCfg = Debug|Any CPU
		{2E8ACF9F-D6D1-430A-B5F2-B72BE315209F}.Debug|Any CPU.Build.0 = Debug|Any CPU
		{2E8ACF9F-D6D1-430A-B5F2-B72BE315209F}.Release|Any CPU.ActiveCfg = Release|Any CPU
		{2E8ACF9F-D6D1-430A-B5F2-B72BE315209F}.Release|Any CPU.Build.0 = Release|Any CPU
	EndGlobalSection
	GlobalSection(SolutionProperties) = preSolution
		HideSolutionNode = FALSE
	EndGlobalSection
	GlobalSection(NestedProjects) = preSolution
		{4C6FABCB-E969-4EA9-B239-607A420B6D87} = {B8D7A129-33D6-4739-BE6C-50D1E6E52CBB}
		{36B41790-5BB0-4318-9805-D65DDDA36890} = {B8D7A129-33D6-4739-BE6C-50D1E6E52CBB}
		{D0950DCC-2D95-4560-A926-D644F5F25771} = {607E591A-C618-4736-BBDA-69766DFF23A0}
		{2E8ACF9F-D6D1-430A-B5F2-B72BE315209F} = {607E591A-C618-4736-BBDA-69766DFF23A0}
	EndGlobalSection
EndGlobal